# THIS IS AN AUTOGENERATED FILE. DO NOT EDIT THIS FILE DIRECTLY.
# yarn lockfile v1


vue-keybindings@^1.0.0:
  version "1.0.0"
  resolved "https://registry.yarnpkg.com/vue-keybindings/-/vue-keybindings-1.0.0.tgz#711436a2393432e281fc858d45a61d3b7b60399b"
  integrity sha512-oZJ9CD4C4IAjDckm08e8SuxanomY+3oJvVKcqp9BJOOGBR3CYPqCJRuAyGPY939IzsYRvGw8H3v43qoK2/78rA==
