{
  "name": "backend",
  "lockfileVersion": 2,
  "requires": true,
  "packages": {
    "": {
      "dependencies": {
        "node-base64-image": "^2.0.4"
      },
      "devDependencies": {
        "@types/js-base64": "^3.3.1"
      }
    },
    "node_modules/@types/js-base64": {
      "version": "3.3.1",
      "resolved": "https://registry.npmjs.org/@types/js-base64/-/js-base64-3.3.1.tgz",
      "integrity": "sha512-Zw33oQNAvDdAN9b0IE5stH0y2MylYvtU7VVTKEJPxhyM2q57CVaNJhtJW258ah24NRtaiA23tptUmVn3dmTKpw==",
      "deprecated": "This is a stub types definition. js-base64 provides its own type definitions, so you do not need this installed.",
      "dev": true,
      "dependencies": {
        "js-base64": "*"
      }
    },
    "node_modules/axios": {
      "version": "0.25.0",
      "resolved": "https://registry.npmjs.org/axios/-/axios-0.25.0.tgz",
      "integrity": "sha512-cD8FOb0tRH3uuEe6+evtAbgJtfxr7ly3fQjYcMcuPlgkwVS9xboaVIpcDV+cYQe+yGykgwZCs1pzjntcGa6l5g==",
      "dependencies": {
        "follow-redirects": "^1.14.7"
      }
    },
    "node_modules/follow-redirects": {
      "version": "1.15.1",
      "resolved": "https://registry.npmjs.org/follow-redirects/-/follow-redirects-1.15.1.tgz",
      "integrity": "sha512-yLAMQs+k0b2m7cVxpS1VKJVvoz7SS9Td1zss3XRwXj+ZDH00RJgnuLx7E44wx02kQLrdM3aOOy+FpzS7+8OizA==",
      "funding": [
        {
          "type": "individual",
          "url": "https://github.com/sponsors/RubenVerborgh"
        }
      ],
      "engines": {
        "node": ">=4.0"
      },
      "peerDependenciesMeta": {
        "debug": {
          "optional": true
        }
      }
    },
    "node_modules/js-base64": {
      "version": "3.7.2",
      "resolved": "https://registry.npmjs.org/js-base64/-/js-base64-3.7.2.tgz",
      "integrity": "sha512-NnRs6dsyqUXejqk/yv2aiXlAvOs56sLkX6nUdeaNezI5LFFLlsZjOThmwnrcwh5ZZRwZlCMnVAY3CvhIhoVEKQ==",
      "dev": true
    },
    "node_modules/node-base64-image": {
      "version": "2.0.4",
      "resolved": "https://registry.npmjs.org/node-base64-image/-/node-base64-image-2.0.4.tgz",
      "integrity": "sha512-brh2nblaVT1/cIRH5gqDx6VpdmjCh2P1f/XpE6j+IJpXWfC7NkkclEaMcZSQ/KvZrXLML0z9a5qN0mRQ4LGMJA==",
      "dependencies": {
        "axios": "0.25.0"
      },
      "engines": {
        "node": ">=10"
      }
    }
  },
  "dependencies": {
    "@types/js-base64": {
      "version": "3.3.1",
      "resolved": "https://registry.npmjs.org/@types/js-base64/-/js-base64-3.3.1.tgz",
      "integrity": "sha512-Zw33oQNAvDdAN9b0IE5stH0y2MylYvtU7VVTKEJPxhyM2q57CVaNJhtJW258ah24NRtaiA23tptUmVn3dmTKpw==",
      "dev": true,
      "requires": {
        "js-base64": "*"
      }
    },
    "axios": {
      "version": "0.25.0",
      "resolved": "https://registry.npmjs.org/axios/-/axios-0.25.0.tgz",
      "integrity": "sha512-cD8FOb0tRH3uuEe6+evtAbgJtfxr7ly3fQjYcMcuPlgkwVS9xboaVIpcDV+cYQe+yGykgwZCs1pzjntcGa6l5g==",
      "requires": {
        "follow-redirects": "^1.14.7"
      }
    },
    "follow-redirects": {
      "version": "1.15.1",
      "resolved": "https://registry.npmjs.org/follow-redirects/-/follow-redirects-1.15.1.tgz",
      "integrity": "sha512-yLAMQs+k0b2m7cVxpS1VKJVvoz7SS9Td1zss3XRwXj+ZDH00RJgnuLx7E44wx02kQLrdM3aOOy+FpzS7+8OizA=="
    },
    "js-base64": {
      "version": "3.7.2",
      "resolved": "https://registry.npmjs.org/js-base64/-/js-base64-3.7.2.tgz",
      "integrity": "sha512-NnRs6dsyqUXejqk/yv2aiXlAvOs56sLkX6nUdeaNezI5LFFLlsZjOThmwnrcwh5ZZRwZlCMnVAY3CvhIhoVEKQ==",
      "dev": true
    },
    "node-base64-image": {
      "version": "2.0.4",
      "resolved": "https://registry.npmjs.org/node-base64-image/-/node-base64-image-2.0.4.tgz",
      "integrity": "sha512-brh2nblaVT1/cIRH5gqDx6VpdmjCh2P1f/XpE6j+IJpXWfC7NkkclEaMcZSQ/KvZrXLML0z9a5qN0mRQ4LGMJA==",
      "requires": {
        "axios": "0.25.0"
      }
    }
  }
}
